
Microsoft Visual Studio Solution File, Format Version 12.00
# Visual Studio 14
VisualStudioVersion = 14.0.25123.0
MinimumVisualStudioVersion = 10.0.40219.1
Project("{FAE04EC0-301F-11D3-BF4B-00C04F79EFBC}") = "EDeklaracje-WebService", "EDeklaracje-WebService.csproj", "{421218E9-414C-463F-B2E2-A4BCA25B99C1}"
EndProject
Project("{FAE04EC0-301F-11D3-BF4B-00C04F79EFBC}") = "EDeklaracje-WebService.Core", "..\EDeklaracje-WebService.Core\EDeklaracje-WebService.Core.csproj", "{277902AA-C63F-4659-9D85-F02D7E92E618}"
EndProject
Global
	GlobalSection(SolutionConfigurationPlatforms) = preSolution
		Debug|Any CPU = Debug|Any CPU
		Release|Any CPU = Release|Any CPU
	EndGlobalSection
	GlobalSection(ProjectConfigurationPlatforms) = postSolution
		{421218E9-414C-463F-B2E2-A4BCA25B99C1}.Debug|Any CPU.ActiveCfg = Debug|Any CPU
		{421218E9-414C-463F-B2E2-A4BCA25B99C1}.Debug|Any CPU.Build.0 = Debug|Any CPU
		{421218E9-414C-463F-B2E2-A4BCA25B99C1}.Release|Any CPU.ActiveCfg = Release|Any CPU
		{421218E9-414C-463F-B2E2-A4BCA25B99C1}.Release|Any CPU.Build.0 = Release|Any CPU
		{277902AA-C63F-4659-9D85-F02D7E92E618}.Debug|Any CPU.ActiveCfg = Debug|Any CPU
		{277902AA-C63F-4659-9D85-F02D7E92E618}.Debug|Any CPU.Build.0 = Debug|Any CPU
		{277902AA-C63F-4659-9D85-F02D7E92E618}.Release|Any CPU.ActiveCfg = Release|Any CPU
		{277902AA-C63F-4659-9D85-F02D7E92E618}.Release|Any CPU.Build.0 = Release|Any CPU
	EndGlobalSection
	GlobalSection(SolutionProperties) = preSolution
		HideSolutionNode = FALSE
	EndGlobalSection
EndGlobal
