
Microsoft Visual Studio Solution File, Format Version 12.00
# Visual Studio 14
VisualStudioVersion = 14.0.25123.0
MinimumVisualStudioVersion = 10.0.40219.1
Project("{FAE04EC0-301F-11D3-BF4B-00C04F79EFBC}") = "WPF CSH Drawing Charts", "WPF CSH Drawing Charts.csproj", "{08DC37CC-29D9-4972-A155-336FAD3625D7}"
EndProject
Project("{FAE04EC0-301F-11D3-BF4B-00C04F79EFBC}") = "ChartLibrary", "..\ChartLibrary\ChartLibrary.csproj", "{C1AECA41-204F-4DB6-AD0A-30DE8B0248ED}"
EndProject
Global
	GlobalSection(SolutionConfigurationPlatforms) = preSolution
		Debug|Any CPU = Debug|Any CPU
		Release|Any CPU = Release|Any CPU
	EndGlobalSection
	GlobalSection(ProjectConfigurationPlatforms) = postSolution
		{08DC37CC-29D9-4972-A155-336FAD3625D7}.Debug|Any CPU.ActiveCfg = Debug|Any CPU
		{08DC37CC-29D9-4972-A155-336FAD3625D7}.Debug|Any CPU.Build.0 = Debug|Any CPU
		{08DC37CC-29D9-4972-A155-336FAD3625D7}.Release|Any CPU.ActiveCfg = Release|Any CPU
		{08DC37CC-29D9-4972-A155-336FAD3625D7}.Release|Any CPU.Build.0 = Release|Any CPU
		{C1AECA41-204F-4DB6-AD0A-30DE8B0248ED}.Debug|Any CPU.ActiveCfg = Debug|Any CPU
		{C1AECA41-204F-4DB6-AD0A-30DE8B0248ED}.Debug|Any CPU.Build.0 = Debug|Any CPU
		{C1AECA41-204F-4DB6-AD0A-30DE8B0248ED}.Release|Any CPU.ActiveCfg = Release|Any CPU
		{C1AECA41-204F-4DB6-AD0A-30DE8B0248ED}.Release|Any CPU.Build.0 = Release|Any CPU
	EndGlobalSection
	GlobalSection(SolutionProperties) = preSolution
		HideSolutionNode = FALSE
	EndGlobalSection
EndGlobal
