
Microsoft Visual Studio Solution File, Format Version 12.00
# Visual Studio 14
VisualStudioVersion = 14.0.25123.0
MinimumVisualStudioVersion = 10.0.40219.1
Project("{2150E333-8FDC-42A3-9474-1A3956D46DE8}") = "Lesson02 - Interfaces", "Lesson02 - Interfaces", "{470944C7-61CB-4FB8-8715-50CF5274BDE4}"
EndProject
Project("{2150E333-8FDC-42A3-9474-1A3956D46DE8}") = "Lesson03 - FactoryClasses", "Lesson03 - FactoryClasses", "{CF53CF43-0BAF-4078-9966-809A5C4ED4AB}"
EndProject
Project("{FAE04EC0-301F-11D3-BF4B-00C04F79EFBC}") = "Lesson03", "..\Lesson03\Lesson03.csproj", "{57381F95-2492-4725-9C95-B7CF17E85782}"
EndProject
Project("{FAE04EC0-301F-11D3-BF4B-00C04F79EFBC}") = "Lesson03.Core", "Lesson03.Core\Lesson03.Core.csproj", "{7A4F58AA-592C-42C4-AC16-3C03F8D30246}"
EndProject
Project("{2150E333-8FDC-42A3-9474-1A3956D46DE8}") = "Lesson04 - FactoryMethods", "Lesson04 - FactoryMethods", "{E92D2DD6-5574-461F-8D61-1838EE19BE0B}"
EndProject
Project("{FAE04EC0-301F-11D3-BF4B-00C04F79EFBC}") = "Lesson04", "Lesson04\Lesson04.csproj", "{EEC21504-B662-4C90-9AC7-1A691266D0CC}"
EndProject
Project("{FAE04EC0-301F-11D3-BF4B-00C04F79EFBC}") = "Lesson04.Tests", "Lesson04.Tests\Lesson04.Tests.csproj", "{2274243C-5E8A-43BD-AB21-79CBFD8261FA}"
EndProject
Project("{2150E333-8FDC-42A3-9474-1A3956D46DE8}") = "Lesson05 - Builder", "Lesson05 - Builder", "{0B98B6B6-8CF1-49F1-AEDD-7E7E54293B08}"
EndProject
Project("{FAE04EC0-301F-11D3-BF4B-00C04F79EFBC}") = "Lesson05.Tests", "Lesson05.Tests\Lesson05.Tests.csproj", "{26271CA3-FC26-4D6F-8A0C-000E39BC88E7}"
EndProject
Project("{FAE04EC0-301F-11D3-BF4B-00C04F79EFBC}") = "Lesson05", "Lesson05\Lesson05.csproj", "{561559E7-0BAC-4B39-AE52-D48EB9B019DC}"
EndProject
Project("{FAE04EC0-301F-11D3-BF4B-00C04F79EFBC}") = "Lesson05.Core", "Lesson05.Core\Lesson05.Core.csproj", "{EE2B9E34-13FB-41A7-8F7B-0F8A13146093}"
EndProject
Global
	GlobalSection(SolutionConfigurationPlatforms) = preSolution
		Debug|Any CPU = Debug|Any CPU
		Release|Any CPU = Release|Any CPU
	EndGlobalSection
	GlobalSection(ProjectConfigurationPlatforms) = postSolution
		{57381F95-2492-4725-9C95-B7CF17E85782}.Debug|Any CPU.ActiveCfg = Debug|Any CPU
		{57381F95-2492-4725-9C95-B7CF17E85782}.Debug|Any CPU.Build.0 = Debug|Any CPU
		{57381F95-2492-4725-9C95-B7CF17E85782}.Release|Any CPU.ActiveCfg = Release|Any CPU
		{57381F95-2492-4725-9C95-B7CF17E85782}.Release|Any CPU.Build.0 = Release|Any CPU
		{7A4F58AA-592C-42C4-AC16-3C03F8D30246}.Debug|Any CPU.ActiveCfg = Debug|Any CPU
		{7A4F58AA-592C-42C4-AC16-3C03F8D30246}.Debug|Any CPU.Build.0 = Debug|Any CPU
		{7A4F58AA-592C-42C4-AC16-3C03F8D30246}.Release|Any CPU.ActiveCfg = Release|Any CPU
		{7A4F58AA-592C-42C4-AC16-3C03F8D30246}.Release|Any CPU.Build.0 = Release|Any CPU
		{EEC21504-B662-4C90-9AC7-1A691266D0CC}.Debug|Any CPU.ActiveCfg = Debug|Any CPU
		{EEC21504-B662-4C90-9AC7-1A691266D0CC}.Debug|Any CPU.Build.0 = Debug|Any CPU
		{EEC21504-B662-4C90-9AC7-1A691266D0CC}.Release|Any CPU.ActiveCfg = Release|Any CPU
		{EEC21504-B662-4C90-9AC7-1A691266D0CC}.Release|Any CPU.Build.0 = Release|Any CPU
		{2274243C-5E8A-43BD-AB21-79CBFD8261FA}.Debug|Any CPU.ActiveCfg = Debug|Any CPU
		{2274243C-5E8A-43BD-AB21-79CBFD8261FA}.Debug|Any CPU.Build.0 = Debug|Any CPU
		{2274243C-5E8A-43BD-AB21-79CBFD8261FA}.Release|Any CPU.ActiveCfg = Release|Any CPU
		{2274243C-5E8A-43BD-AB21-79CBFD8261FA}.Release|Any CPU.Build.0 = Release|Any CPU
		{26271CA3-FC26-4D6F-8A0C-000E39BC88E7}.Debug|Any CPU.ActiveCfg = Debug|Any CPU
		{26271CA3-FC26-4D6F-8A0C-000E39BC88E7}.Debug|Any CPU.Build.0 = Debug|Any CPU
		{26271CA3-FC26-4D6F-8A0C-000E39BC88E7}.Release|Any CPU.ActiveCfg = Release|Any CPU
		{26271CA3-FC26-4D6F-8A0C-000E39BC88E7}.Release|Any CPU.Build.0 = Release|Any CPU
		{561559E7-0BAC-4B39-AE52-D48EB9B019DC}.Debug|Any CPU.ActiveCfg = Debug|Any CPU
		{561559E7-0BAC-4B39-AE52-D48EB9B019DC}.Debug|Any CPU.Build.0 = Debug|Any CPU
		{561559E7-0BAC-4B39-AE52-D48EB9B019DC}.Release|Any CPU.ActiveCfg = Release|Any CPU
		{561559E7-0BAC-4B39-AE52-D48EB9B019DC}.Release|Any CPU.Build.0 = Release|Any CPU
		{EE2B9E34-13FB-41A7-8F7B-0F8A13146093}.Debug|Any CPU.ActiveCfg = Debug|Any CPU
		{EE2B9E34-13FB-41A7-8F7B-0F8A13146093}.Debug|Any CPU.Build.0 = Debug|Any CPU
		{EE2B9E34-13FB-41A7-8F7B-0F8A13146093}.Release|Any CPU.ActiveCfg = Release|Any CPU
		{EE2B9E34-13FB-41A7-8F7B-0F8A13146093}.Release|Any CPU.Build.0 = Release|Any CPU
	EndGlobalSection
	GlobalSection(SolutionProperties) = preSolution
		HideSolutionNode = FALSE
	EndGlobalSection
	GlobalSection(NestedProjects) = preSolution
		{57381F95-2492-4725-9C95-B7CF17E85782} = {CF53CF43-0BAF-4078-9966-809A5C4ED4AB}
		{7A4F58AA-592C-42C4-AC16-3C03F8D30246} = {CF53CF43-0BAF-4078-9966-809A5C4ED4AB}
		{EEC21504-B662-4C90-9AC7-1A691266D0CC} = {E92D2DD6-5574-461F-8D61-1838EE19BE0B}
		{2274243C-5E8A-43BD-AB21-79CBFD8261FA} = {E92D2DD6-5574-461F-8D61-1838EE19BE0B}
		{26271CA3-FC26-4D6F-8A0C-000E39BC88E7} = {0B98B6B6-8CF1-49F1-AEDD-7E7E54293B08}
		{561559E7-0BAC-4B39-AE52-D48EB9B019DC} = {0B98B6B6-8CF1-49F1-AEDD-7E7E54293B08}
		{EE2B9E34-13FB-41A7-8F7B-0F8A13146093} = {0B98B6B6-8CF1-49F1-AEDD-7E7E54293B08}
	EndGlobalSection
EndGlobal
