
Microsoft Visual Studio Solution File, Format Version 12.00
# Visual Studio Express 2012 for Web
Project("{2150E333-8FDC-42A3-9474-1A3956D46DE8}") = "1 - MojaNawigacja", "1 - MojaNawigacja", "{665240A6-8B04-4397-BB74-E1E0E85298BB}"
EndProject
Project("{FAE04EC0-301F-11D3-BF4B-00C04F79EFBC}") = "MojaNawigacja", "MojaNawigacja\MojaNawigacja.csproj", "{5E3081EF-1477-4CB7-BCE0-ADB306CFA08C}"
EndProject
Project("{FAE04EC0-301F-11D3-BF4B-00C04F79EFBC}") = "MojaNawigacja.Tests", "MojaNawigacja.Tests\MojaNawigacja.Tests.csproj", "{4F392B2E-54A2-445F-8B5B-C4EA89D81EFF}"
EndProject
Project("{2150E333-8FDC-42A3-9474-1A3956D46DE8}") = "2 - Kadry", "2 - Kadry", "{833F4F0F-F1EB-417F-B376-C41EF8DE6535}"
EndProject
Project("{FAE04EC0-301F-11D3-BF4B-00C04F79EFBC}") = "Kadry", "Kadry\Kadry.csproj", "{591843C7-7F2B-4AC5-AC47-7C4B487EE7BD}"
EndProject
Project("{2150E333-8FDC-42A3-9474-1A3956D46DE8}") = "3 - Wyrazenia Regularne", "3 - Wyrazenia Regularne", "{773089CA-FF10-4033-B6C9-ECD33575CF0E}"
EndProject
Project("{FAE04EC0-301F-11D3-BF4B-00C04F79EFBC}") = "WyrazeniaRegularne", "WyrazeniaRegularne\WyrazeniaRegularne.csproj", "{78F5DF2C-CFF0-470C-AB75-29D03087F323}"
EndProject
Project("{2150E333-8FDC-42A3-9474-1A3956D46DE8}") = "4 - MsAjax", "4 - MsAjax", "{EA1F36B9-E819-4641-A2EA-48CCC3DF0332}"
EndProject
Project("{FAE04EC0-301F-11D3-BF4B-00C04F79EFBC}") = "MsAjax", "MsAjax\MsAjax.csproj", "{C0A3B768-F0EA-41BF-873C-10F14F3CBC8A}"
EndProject
Project("{2150E333-8FDC-42A3-9474-1A3956D46DE8}") = "5 - Ankieta", "5 - Ankieta", "{CCA02305-70A8-436F-B163-FD48F46C64DF}"
EndProject
Project("{FAE04EC0-301F-11D3-BF4B-00C04F79EFBC}") = "Ankieta", "Ankieta\Ankieta.csproj", "{4F3564A7-8687-425E-A127-B32D9EB4B857}"
EndProject
Global
	GlobalSection(SolutionConfigurationPlatforms) = preSolution
		Debug|Any CPU = Debug|Any CPU
		Release|Any CPU = Release|Any CPU
	EndGlobalSection
	GlobalSection(ProjectConfigurationPlatforms) = postSolution
		{5E3081EF-1477-4CB7-BCE0-ADB306CFA08C}.Debug|Any CPU.ActiveCfg = Debug|Any CPU
		{5E3081EF-1477-4CB7-BCE0-ADB306CFA08C}.Debug|Any CPU.Build.0 = Debug|Any CPU
		{5E3081EF-1477-4CB7-BCE0-ADB306CFA08C}.Release|Any CPU.ActiveCfg = Release|Any CPU
		{5E3081EF-1477-4CB7-BCE0-ADB306CFA08C}.Release|Any CPU.Build.0 = Release|Any CPU
		{4F392B2E-54A2-445F-8B5B-C4EA89D81EFF}.Debug|Any CPU.ActiveCfg = Debug|Any CPU
		{4F392B2E-54A2-445F-8B5B-C4EA89D81EFF}.Debug|Any CPU.Build.0 = Debug|Any CPU
		{4F392B2E-54A2-445F-8B5B-C4EA89D81EFF}.Release|Any CPU.ActiveCfg = Release|Any CPU
		{4F392B2E-54A2-445F-8B5B-C4EA89D81EFF}.Release|Any CPU.Build.0 = Release|Any CPU
		{591843C7-7F2B-4AC5-AC47-7C4B487EE7BD}.Debug|Any CPU.ActiveCfg = Debug|Any CPU
		{591843C7-7F2B-4AC5-AC47-7C4B487EE7BD}.Debug|Any CPU.Build.0 = Debug|Any CPU
		{591843C7-7F2B-4AC5-AC47-7C4B487EE7BD}.Release|Any CPU.ActiveCfg = Release|Any CPU
		{591843C7-7F2B-4AC5-AC47-7C4B487EE7BD}.Release|Any CPU.Build.0 = Release|Any CPU
		{78F5DF2C-CFF0-470C-AB75-29D03087F323}.Debug|Any CPU.ActiveCfg = Debug|Any CPU
		{78F5DF2C-CFF0-470C-AB75-29D03087F323}.Debug|Any CPU.Build.0 = Debug|Any CPU
		{78F5DF2C-CFF0-470C-AB75-29D03087F323}.Release|Any CPU.ActiveCfg = Release|Any CPU
		{78F5DF2C-CFF0-470C-AB75-29D03087F323}.Release|Any CPU.Build.0 = Release|Any CPU
		{C0A3B768-F0EA-41BF-873C-10F14F3CBC8A}.Debug|Any CPU.ActiveCfg = Debug|Any CPU
		{C0A3B768-F0EA-41BF-873C-10F14F3CBC8A}.Debug|Any CPU.Build.0 = Debug|Any CPU
		{C0A3B768-F0EA-41BF-873C-10F14F3CBC8A}.Release|Any CPU.ActiveCfg = Release|Any CPU
		{C0A3B768-F0EA-41BF-873C-10F14F3CBC8A}.Release|Any CPU.Build.0 = Release|Any CPU
		{4F3564A7-8687-425E-A127-B32D9EB4B857}.Debug|Any CPU.ActiveCfg = Debug|Any CPU
		{4F3564A7-8687-425E-A127-B32D9EB4B857}.Debug|Any CPU.Build.0 = Debug|Any CPU
		{4F3564A7-8687-425E-A127-B32D9EB4B857}.Release|Any CPU.ActiveCfg = Release|Any CPU
		{4F3564A7-8687-425E-A127-B32D9EB4B857}.Release|Any CPU.Build.0 = Release|Any CPU
	EndGlobalSection
	GlobalSection(SolutionProperties) = preSolution
		HideSolutionNode = FALSE
	EndGlobalSection
	GlobalSection(NestedProjects) = preSolution
		{5E3081EF-1477-4CB7-BCE0-ADB306CFA08C} = {665240A6-8B04-4397-BB74-E1E0E85298BB}
		{4F392B2E-54A2-445F-8B5B-C4EA89D81EFF} = {665240A6-8B04-4397-BB74-E1E0E85298BB}
		{591843C7-7F2B-4AC5-AC47-7C4B487EE7BD} = {833F4F0F-F1EB-417F-B376-C41EF8DE6535}
		{78F5DF2C-CFF0-470C-AB75-29D03087F323} = {773089CA-FF10-4033-B6C9-ECD33575CF0E}
		{C0A3B768-F0EA-41BF-873C-10F14F3CBC8A} = {EA1F36B9-E819-4641-A2EA-48CCC3DF0332}
		{4F3564A7-8687-425E-A127-B32D9EB4B857} = {CCA02305-70A8-436F-B163-FD48F46C64DF}
	EndGlobalSection
EndGlobal
